
Microsoft Visual Studio Solution File, Format Version 12.00
# Visual Studio Version 17
VisualStudioVersion = 17.4.33205.214
MinimumVisualStudioVersion = 10.0.40219.1
Project("{FAE04EC0-301F-11D3-BF4B-00C04F79EFBC}") = "CampSleepaway", "CampSleepaway\CampSleepaway.csproj", "{61F41089-0DF0-47EB-BAC2-514B8C017FEC}"
EndProject
Global
	GlobalSection(SolutionConfigurationPlatforms) = preSolution
		Debug|Any CPU = Debug|Any CPU
		Release|Any CPU = Release|Any CPU
	EndGlobalSection
	GlobalSection(ProjectConfigurationPlatforms) = postSolution
		{61F41089-0DF0-47EB-BAC2-514B8C017FEC}.Debug|Any CPU.ActiveCfg = Debug|Any CPU
		{61F41089-0DF0-47EB-BAC2-514B8C017FEC}.Debug|Any CPU.Build.0 = Debug|Any CPU
		{61F41089-0DF0-47EB-BAC2-514B8C017FEC}.Release|Any CPU.ActiveCfg = Release|Any CPU
		{61F41089-0DF0-47EB-BAC2-514B8C017FEC}.Release|Any CPU.Build.0 = Release|Any CPU
	EndGlobalSection
	GlobalSection(SolutionProperties) = preSolution
		HideSolutionNode = FALSE
	EndGlobalSection
	GlobalSection(ExtensibilityGlobals) = postSolution
		SolutionGuid = {B8ABA280-BB77-48ED-913F-C8867E15F0D8}
	EndGlobalSection
EndGlobal
